
Microsoft Visual Studio Solution File, Format Version 12.00
# Visual Studio 15
VisualStudioVersion = 15.0.28307.572
MinimumVisualStudioVersion = 10.0.40219.1
Project("{FAE04EC0-301F-11D3-BF4B-00C04F79EFBC}") = "AppGrafos", "AppGrafos\AppGrafos.csproj", "{D3507FB4-199D-4173-9CF6-EB4AC98A855E}"
EndProject
Project("{FAE04EC0-301F-11D3-BF4B-00C04F79EFBC}") = "Grafo", "Grafo\Grafo.csproj", "{91F5E78B-6605-476D-9F8D-BEBBC0B70FCC}"
EndProject
Global
	GlobalSection(SolutionConfigurationPlatforms) = preSolution
		Debug|Any CPU = Debug|Any CPU
		Release|Any CPU = Release|Any CPU
	EndGlobalSection
	GlobalSection(ProjectConfigurationPlatforms) = postSolution
		{D3507FB4-199D-4173-9CF6-EB4AC98A855E}.Debug|Any CPU.ActiveCfg = Debug|Any CPU
		{D3507FB4-199D-4173-9CF6-EB4AC98A855E}.Debug|Any CPU.Build.0 = Debug|Any CPU
		{D3507FB4-199D-4173-9CF6-EB4AC98A855E}.Release|Any CPU.ActiveCfg = Release|Any CPU
		{D3507FB4-199D-4173-9CF6-EB4AC98A855E}.Release|Any CPU.Build.0 = Release|Any CPU
		{91F5E78B-6605-476D-9F8D-BEBBC0B70FCC}.Debug|Any CPU.ActiveCfg = Debug|Any CPU
		{91F5E78B-6605-476D-9F8D-BEBBC0B70FCC}.Debug|Any CPU.Build.0 = Debug|Any CPU
		{91F5E78B-6605-476D-9F8D-BEBBC0B70FCC}.Release|Any CPU.ActiveCfg = Release|Any CPU
		{91F5E78B-6605-476D-9F8D-BEBBC0B70FCC}.Release|Any CPU.Build.0 = Release|Any CPU
	EndGlobalSection
	GlobalSection(SolutionProperties) = preSolution
		HideSolutionNode = FALSE
	EndGlobalSection
	GlobalSection(ExtensibilityGlobals) = postSolution
		SolutionGuid = {8939755F-1F73-465B-94DE-6EEFCDE14BEB}
	EndGlobalSection
EndGlobal
